// !$*UTF8*$!
{
	archiveVersion = 1;
	classes = {
	};
	objectVersion = 46;
	objects = {

/* Begin PBXBuildFile section */
		E05C42B115220EE7003F5853 /* UIKit.framework in Frameworks */ = {isa = PBXBuildFile; fileRef = E05C42B015220EE7003F5853 /* UIKit.framework */; };
		E05C42B315220EE7003F5853 /* Foundation.framework in Frameworks */ = {isa = PBXBuildFile; fileRef = E05C42B215220EE7003F5853 /* Foundation.framework */; };
		E05C42B515220EE7003F5853 /* CoreGraphics.framework in Frameworks */ = {isa = PBXBuildFile; fileRef = E05C42B415220EE7003F5853 /* CoreGraphics.framework */; };
		E05C42BB15220EE7003F5853 /* InfoPlist.strings in Resources */ = {isa = PBXBuildFile; fileRef = E05C42B915220EE7003F5853 /* InfoPlist.strings */; };
		E05C42BD15220EE7003F5853 /* main.m in Sources */ = {isa = PBXBuildFile; fileRef = E05C42BC15220EE7003F5853 /* main.m */; };
		E05C42C115220EE7003F5853 /* AppDelegate.m in Sources */ = {isa = PBXBuildFile; fileRef = E05C42C015220EE7003F5853 /* AppDelegate.m */; };
		E05C42C415220EE7003F5853 /* ViewController.m in Sources */ = {isa = PBXBuildFile; fileRef = E05C42C315220EE7003F5853 /* ViewController.m */; };
		E05C42C715220EE7003F5853 /* ViewController.xib in Resources */ = {isa = PBXBuildFile; fileRef = E05C42C515220EE7003F5853 /* ViewController.xib */; };
		E05C42CE15220F12003F5853 /* iAd.framework in Frameworks */ = {isa = PBXBuildFile; fileRef = E05C42CD15220F12003F5853 /* iAd.framework */; };
/* End PBXBuildFile section */

/* Begin PBXFileReference section */
		E05C42AC15220EE7003F5853 /* iAd.app */ = {isa = PBXFileReference; explicitFileType = wrapper.application; includeInIndex = 0; path = iAd.app; sourceTree = BUILT_PRODUCTS_DIR; };
		E05C42B015220EE7003F5853 /* UIKit.framework */ = {isa = PBXFileReference; lastKnownFileType = wrapper.framework; name = UIKit.framework; path = System/Library/Frameworks/UIKit.framework; sourceTree = SDKROOT; };
		E05C42B215220EE7003F5853 /* Foundation.framework */ = {isa = PBXFileReference; lastKnownFileType = wrapper.framework; name = Foundation.framework; path = System/Library/Frameworks/Foundation.framework; sourceTree = SDKROOT; };
		E05C42B415220EE7003F5853 /* CoreGraphics.framework */ = {isa = PBXFileReference; lastKnownFileType = wrapper.framework; name = CoreGraphics.framework; path = System/Library/Frameworks/CoreGraphics.framework; sourceTree = SDKROOT; };
		E05C42B815220EE7003F5853 /* iAd-Info.plist */ = {isa = PBXFileReference; lastKnownFileType = text.plist.xml; path = "iAd-Info.plist"; sourceTree = "<group>"; };
		E05C42BA15220EE7003F5853 /* en */ = {isa = PBXFileReference; lastKnownFileType = text.plist.strings; name = en; path = en.lproj/InfoPlist.strings; sourceTree = "<group>"; };
		E05C42BC15220EE7003F5853 /* main.m */ = {isa = PBXFileReference; lastKnownFileType = sourcecode.c.objc; path = main.m; sourceTree = "<group>"; };
		E05C42BE15220EE7003F5853 /* iAd-Prefix.pch */ = {isa = PBXFileReference; lastKnownFileType = sourcecode.c.h; path = "iAd-Prefix.pch"; sourceTree = "<group>"; };
		E05C42BF15220EE7003F5853 /* AppDelegate.h */ = {isa = PBXFileReference; lastKnownFileType = sourcecode.c.h; path = AppDelegate.h; sourceTree = "<group>"; };
		E05C42C015220EE7003F5853 /* AppDelegate.m */ = {isa = PBXFileReference; lastKnownFileType = sourcecode.c.objc; path = AppDelegate.m; sourceTree = "<group>"; };
		E05C42C215220EE7003F5853 /* ViewController.h */ = {isa = PBXFileReference; lastKnownFileType = sourcecode.c.h; path = ViewController.h; sourceTree = "<group>"; };
		E05C42C315220EE7003F5853 /* ViewController.m */ = {isa = PBXFileReference; lastKnownFileType = sourcecode.c.objc; path = ViewController.m; sourceTree = "<group>"; };
		E05C42C615220EE7003F5853 /* en */ = {isa = PBXFileReference; lastKnownFileType = file.xib; name = en; path = en.lproj/ViewController.xib; sourceTree = "<group>"; };
		E05C42CD15220F12003F5853 /* iAd.framework */ = {isa = PBXFileReference; lastKnownFileType = wrapper.framework; name = iAd.framework; path = System/Library/Frameworks/iAd.framework; sourceTree = SDKROOT; };
/* End PBXFileReference section */

/* Begin PBXFrameworksBuildPhase section */
		E05C42A915220EE7003F5853 /* Frameworks */ = {
			isa = PBXFrameworksBuildPhase;
			buildActionMask = 2147483647;
			files = (
				E05C42CE15220F12003F5853 /* iAd.framework in Frameworks */,
				E05C42B115220EE7003F5853 /* UIKit.framework in Frameworks */,
				E05C42B315220EE7003F5853 /* Foundation.framework in Frameworks */,
				E05C42B515220EE7003F5853 /* CoreGraphics.framework in Frameworks */,
			);
			runOnlyForDeploymentPostprocessing = 0;
		};
/* End PBXFrameworksBuildPhase section */

/* Begin PBXGroup section */
		E05C42A115220EE7003F5853 = {
			isa = PBXGroup;
			children = (
				E05C42B615220EE7003F5853 /* iAd */,
				E05C42AF15220EE7003F5853 /* Frameworks */,
				E05C42AD15220EE7003F5853 /* Products */,
			);
			sourceTree = "<group>";
		};
		E05C42AD15220EE7003F5853 /* Products */ = {
			isa = PBXGroup;
			children = (
				E05C42AC15220EE7003F5853 /* iAd.app */,
			);
			name = Products;
			sourceTree = "<group>";
		};
		E05C42AF15220EE7003F5853 /* Frameworks */ = {
			isa = PBXGroup;
			children = (
				E05C42CD15220F12003F5853 /* iAd.framework */,
				E05C42B015220EE7003F5853 /* UIKit.framework */,
				E05C42B215220EE7003F5853 /* Foundation.framework */,
				E05C42B415220EE7003F5853 /* CoreGraphics.framework */,
			);
			name = Frameworks;
			sourceTree = "<group>";
		};
		E05C42B615220EE7003F5853 /* iAd */ = {
			isa = PBXGroup;
			children = (
				E05C42BF15220EE7003F5853 /* AppDelegate.h */,
				E05C42C015220EE7003F5853 /* AppDelegate.m */,
				E05C42C215220EE7003F5853 /* ViewController.h */,
				E05C42C315220EE7003F5853 /* ViewController.m */,
				E05C42C515220EE7003F5853 /* ViewController.xib */,
				E05C42B715220EE7003F5853 /* Supporting Files */,
			);
			path = iAd;
			sourceTree = "<group>";
		};
		E05C42B715220EE7003F5853 /* Supporting Files */ = {
			isa = PBXGroup;
			children = (
				E05C42B815220EE7003F5853 /* iAd-Info.plist */,
				E05C42B915220EE7003F5853 /* InfoPlist.strings */,
				E05C42BC15220EE7003F5853 /* main.m */,
				E05C42BE15220EE7003F5853 /* iAd-Prefix.pch */,
			);
			name = "Supporting Files";
			sourceTree = "<group>";
		};
/* End PBXGroup section */

/* Begin PBXNativeTarget section */
		E05C42AB15220EE7003F5853 /* iAd */ = {
			isa = PBXNativeTarget;
			buildConfigurationList = E05C42CA15220EE7003F5853 /* Build configuration list for PBXNativeTarget "iAd" */;
			buildPhases = (
				E05C42A815220EE7003F5853 /* Sources */,
				E05C42A915220EE7003F5853 /* Frameworks */,
				E05C42AA15220EE7003F5853 /* Resources */,
			);
			buildRules = (
			);
			dependencies = (
			);
			name = iAd;
			productName = iAd;
			productReference = E05C42AC15220EE7003F5853 /* iAd.app */;
			productType = "com.apple.product-type.application";
		};
/* End PBXNativeTarget section */

/* Begin PBXProject section */
		E05C42A315220EE7003F5853 /* Project object */ = {
			isa = PBXProject;
			attributes = {
				LastUpgradeCheck = 0430;
			};
			buildConfigurationList = E05C42A615220EE7003F5853 /* Build configuration list for PBXProject "iAd" */;
			compatibilityVersion = "Xcode 3.2";
			developmentRegion = English;
			hasScannedForEncodings = 0;
			knownRegions = (
				en,
			);
			mainGroup = E05C42A115220EE7003F5853;
			productRefGroup = E05C42AD15220EE7003F5853 /* Products */;
			projectDirPath = "";
			projectRoot = "";
			targets = (
				E05C42AB15220EE7003F5853 /* iAd */,
			);
		};
/* End PBXProject section */

/* Begin PBXResourcesBuildPhase section */
		E05C42AA15220EE7003F5853 /* Resources */ = {
			isa = PBXResourcesBuildPhase;
			buildActionMask = 2147483647;
			files = (
				E05C42BB15220EE7003F5853 /* InfoPlist.strings in Resources */,
				E05C42C715220EE7003F5853 /* ViewController.xib in Resources */,
			);
			runOnlyForDeploymentPostprocessing = 0;
		};
/* End PBXResourcesBuildPhase section */

/* Begin PBXSourcesBuildPhase section */
		E05C42A815220EE7003F5853 /* Sources */ = {
			isa = PBXSourcesBuildPhase;
			buildActionMask = 2147483647;
			files = (
				E05C42BD15220EE7003F5853 /* main.m in Sources */,
				E05C42C115220EE7003F5853 /* AppDelegate.m in Sources */,
				E05C42C415220EE7003F5853 /* ViewController.m in Sources */,
			);
			runOnlyForDeploymentPostprocessing = 0;
		};
/* End PBXSourcesBuildPhase section */

/* Begin PBXVariantGroup section */
		E05C42B915220EE7003F5853 /* InfoPlist.strings */ = {
			isa = PBXVariantGroup;
			children = (
				E05C42BA15220EE7003F5853 /* en */,
			);
			name = InfoPlist.strings;
			sourceTree = "<group>";
		};
		E05C42C515220EE7003F5853 /* ViewController.xib */ = {
			isa = PBXVariantGroup;
			children = (
				E05C42C615220EE7003F5853 /* en */,
			);
			name = ViewController.xib;
			sourceTree = "<group>";
		};
/* End PBXVariantGroup section */

/* Begin XCBuildConfiguration section */
		E05C42C815220EE7003F5853 /* Debug */ = {
			isa = XCBuildConfiguration;
			buildSettings = {
				ALWAYS_SEARCH_USER_PATHS = NO;
				ARCHS = "$(ARCHS_STANDARD_32_BIT)";
				CLANG_ENABLE_OBJC_ARC = YES;
				"CODE_SIGN_IDENTITY[sdk=iphoneos*]" = "iPhone Developer";
				COPY_PHASE_STRIP = NO;
				GCC_C_LANGUAGE_STANDARD = gnu99;
				GCC_DYNAMIC_NO_PIC = NO;
				GCC_OPTIMIZATION_LEVEL = 0;
				GCC_PREPROCESSOR_DEFINITIONS = (
					"DEBUG=1",
					"$(inherited)",
				);
				GCC_SYMBOLS_PRIVATE_EXTERN = NO;
				GCC_VERSION = com.apple.compilers.llvm.clang.1_0;
				GCC_WARN_ABOUT_RETURN_TYPE = YES;
				GCC_WARN_UNINITIALIZED_AUTOS = YES;
				GCC_WARN_UNUSED_VARIABLE = YES;
				IPHONEOS_DEPLOYMENT_TARGET = 5.1;
				SDKROOT = iphoneos;
			};
			name = Debug;
		};
		E05C42C915220EE7003F5853 /* Release */ = {
			isa = XCBuildConfiguration;
			buildSettings = {
				ALWAYS_SEARCH_USER_PATHS = NO;
				ARCHS = "$(ARCHS_STANDARD_32_BIT)";
				CLANG_ENABLE_OBJC_ARC = YES;
				"CODE_SIGN_IDENTITY[sdk=iphoneos*]" = "iPhone Developer";
				COPY_PHASE_STRIP = YES;
				GCC_C_LANGUAGE_STANDARD = gnu99;
				GCC_VERSION = com.apple.compilers.llvm.clang.1_0;
				GCC_WARN_ABOUT_RETURN_TYPE = YES;
				GCC_WARN_UNINITIALIZED_AUTOS = YES;
				GCC_WARN_UNUSED_VARIABLE = YES;
				IPHONEOS_DEPLOYMENT_TARGET = 5.1;
				OTHER_CFLAGS = "-DNS_BLOCK_ASSERTIONS=1";
				SDKROOT = iphoneos;
				VALIDATE_PRODUCT = YES;
			};
			name = Release;
		};
		E05C42CB15220EE7003F5853 /* Debug */ = {
			isa = XCBuildConfiguration;
			buildSettings = {
				GCC_PRECOMPILE_PREFIX_HEADER = YES;
				GCC_PREFIX_HEADER = "iAd/iAd-Prefix.pch";
				INFOPLIST_FILE = "iAd/iAd-Info.plist";
				PRODUCT_NAME = "$(TARGET_NAME)";
				WRAPPER_EXTENSION = app;
			};
			name = Debug;
		};
		E05C42CC15220EE7003F5853 /* Release */ = {
			isa = XCBuildConfiguration;
			buildSettings = {
				GCC_PRECOMPILE_PREFIX_HEADER = YES;
				GCC_PREFIX_HEADER = "iAd/iAd-Prefix.pch";
				INFOPLIST_FILE = "iAd/iAd-Info.plist";
				PRODUCT_NAME = "$(TARGET_NAME)";
				WRAPPER_EXTENSION = app;
			};
			name = Release;
		};
/* End XCBuildConfiguration section */

/* Begin XCConfigurationList section */
		E05C42A615220EE7003F5853 /* Build configuration list for PBXProject "iAd" */ = {
			isa = XCConfigurationList;
			buildConfigurations = (
				E05C42C815220EE7003F5853 /* Debug */,
				E05C42C915220EE7003F5853 /* Release */,
			);
			defaultConfigurationIsVisible = 0;
			defaultConfigurationName = Release;
		};
		E05C42CA15220EE7003F5853 /* Build configuration list for PBXNativeTarget "iAd" */ = {
			isa = XCConfigurationList;
			buildConfigurations = (
				E05C42CB15220EE7003F5853 /* Debug */,
				E05C42CC15220EE7003F5853 /* Release */,
			);
			defaultConfigurationIsVisible = 0;
		};
/* End XCConfigurationList section */
	};
	rootObject = E05C42A315220EE7003F5853 /* Project object */;
}
